github.com/google/uuid v1.6.0 h1:NIvaJDMOsjHA8n1jAhLSgzrAzy1Hgr+hNrb57e+94F0=
github.com/google/uuid v1.6.0/go.mod h1:TIyPZe4MgqvfeYDBFedMoGGpEw/LqOeaOT+nhxU+yHo=
github.com/vedadiyan/exql v0.0.1-alpha h1:5vFQmSNVbC3UIKXOMwueAjLwjZsIRGuml4bsVWWehM0=
github.com/vedadiyan/exql v0.0.1-alpha/go.mod h1:BeM6fM9ZIMlJRn5IO4b1PMFonPB1IE3ru2YUtnH1NQE=
